{
  "name": "infusion-live-tutorial",
  "version": "0.0.1",
  "lockfileVersion": 1,
  "requires": true,
  "dependencies": {
    "bootstrap": {
      "version": "4.0.0",
      "resolved": "https://registry.npmjs.org/bootstrap/-/bootstrap-4.0.0.tgz",
      "integrity": "sha512-gulJE5dGFo6Q61V/whS6VM4WIyrlydXfCgkE+Gxe5hjrJ8rXLLZlALq7zq2RPhOc45PSwQpJkrTnc2KgD6cvmA=="
    },
    "fluid-resolve": {
      "version": "1.2.0",
      "resolved": "https://registry.npmjs.org/fluid-resolve/-/fluid-resolve-1.2.0.tgz",
      "integrity": "sha1-m/Dz5HqE1ZHUzMX82kkJ366iNZA="
    },
    "infusion": {
      "version": "2.0.0",
      "resolved": "https://registry.npmjs.org/infusion/-/infusion-2.0.0.tgz",
      "integrity": "sha1-GeSVlOiTg32qwgd0yNJhuFvQ20w=",
      "requires": {
        "fluid-resolve": "1.2.0"
      }
    }
  }
}
